
Microsoft Visual Studio Solution File, Format Version 12.00
# Visual Studio 15
VisualStudioVersion = 15.0.27703.2018
MinimumVisualStudioVersion = 10.0.40219.1
Project("{FAE04EC0-301F-11D3-BF4B-00C04F79EFBC}") = "SfChartLocalization.Android", "SfChartLocalization\SfChartLocalization.Android\SfChartLocalization.Android.csproj", "{4B5934FB-53DD-44AC-98C1-C68BBA091146}"
EndProject
Project("{FAE04EC0-301F-11D3-BF4B-00C04F79EFBC}") = "SfChartLocalization.iOS", "SfChartLocalization\SfChartLocalization.iOS\SfChartLocalization.iOS.csproj", "{769CE2B9-1785-47B5-AFAA-0632D00B4054}"
EndProject
Project("{FAE04EC0-301F-11D3-BF4B-00C04F79EFBC}") = "SfChartLocalization.UWP", "SfChartLocalization\SfChartLocalization.UWP\SfChartLocalization.UWP.csproj", "{4334FCFA-F6E5-41E5-A1EC-D0C3AF2BBFAD}"
EndProject
Project("{FAE04EC0-301F-11D3-BF4B-00C04F79EFBC}") = "SfChartLocalization", "SfChartLocalization\SfChartLocalization\SfChartLocalization.csproj", "{6E6BD84A-1BEE-4F0E-BC8E-64755E6F9B3B}"
EndProject
Global
	GlobalSection(SolutionConfigurationPlatforms) = preSolution
		Ad-Hoc|Any CPU = Ad-Hoc|Any CPU
		Ad-Hoc|ARM = Ad-Hoc|ARM
		Ad-Hoc|iPhone = Ad-Hoc|iPhone
		Ad-Hoc|iPhoneSimulator = Ad-Hoc|iPhoneSimulator
		Ad-Hoc|x64 = Ad-Hoc|x64
		Ad-Hoc|x86 = Ad-Hoc|x86
		AppStore|Any CPU = AppStore|Any CPU
		AppStore|ARM = AppStore|ARM
		AppStore|iPhone = AppStore|iPhone
		AppStore|iPhoneSimulator = AppStore|iPhoneSimulator
		AppStore|x64 = AppStore|x64
		AppStore|x86 = AppStore|x86
		Debug|Any CPU = Debug|Any CPU
		Debug|ARM = Debug|ARM
		Debug|iPhone = Debug|iPhone
		Debug|iPhoneSimulator = Debug|iPhoneSimulator
		Debug|x64 = Debug|x64
		Debug|x86 = Debug|x86
		Release|Any CPU = Release|Any CPU
		Release|ARM = Release|ARM
		Release|iPhone = Release|iPhone
		Release|iPhoneSimulator = Release|iPhoneSimulator
		Release|x64 = Release|x64
		Release|x86 = Release|x86
	EndGlobalSection
	GlobalSection(ProjectConfigurationPlatforms) = postSolution
		{4B5934FB-53DD-44AC-98C1-C68BBA091146}.Ad-Hoc|Any CPU.ActiveCfg = Release|Any CPU
		{4B5934FB-53DD-44AC-98C1-C68BBA091146}.Ad-Hoc|Any CPU.Build.0 = Release|Any CPU
		{4B5934FB-53DD-44AC-98C1-C68BBA091146}.Ad-Hoc|Any CPU.Deploy.0 = Release|Any CPU
		{4B5934FB-53DD-44AC-98C1-C68BBA091146}.Ad-Hoc|ARM.ActiveCfg = Release|Any CPU
		{4B5934FB-53DD-44AC-98C1-C68BBA091146}.Ad-Hoc|ARM.Build.0 = Release|Any CPU
		{4B5934FB-53DD-44AC-98C1-C68BBA091146}.Ad-Hoc|ARM.Deploy.0 = Release|Any CPU
		{4B5934FB-53DD-44AC-98C1-C68BBA091146}.Ad-Hoc|iPhone.ActiveCfg = Release|Any CPU
		{4B5934FB-53DD-44AC-98C1-C68BBA091146}.Ad-Hoc|iPhone.Build.0 = Release|Any CPU
		{4B5934FB-53DD-44AC-98C1-C68BBA091146}.Ad-Hoc|iPhone.Deploy.0 = Release|Any CPU
		{4B5934FB-53DD-44AC-98C1-C68BBA091146}.Ad-Hoc|iPhoneSimulator.ActiveCfg = Release|Any CPU
		{4B5934FB-53DD-44AC-98C1-C68BBA091146}.Ad-Hoc|iPhoneSimulator.Build.0 = Release|Any CPU
		{4B5934FB-53DD-44AC-98C1-C68BBA091146}.Ad-Hoc|iPhoneSimulator.Deploy.0 = Release|Any CPU
		{4B5934FB-53DD-44AC-98C1-C68BBA091146}.Ad-Hoc|x64.ActiveCfg = Release|Any CPU
		{4B5934FB-53DD-44AC-98C1-C68BBA091146}.Ad-Hoc|x64.Build.0 = Release|Any CPU
		{4B5934FB-53DD-44AC-98C1-C68BBA091146}.Ad-Hoc|x64.Deploy.0 = Release|Any CPU
		{4B5934FB-53DD-44AC-98C1-C68BBA091146}.Ad-Hoc|x86.ActiveCfg = Release|Any CPU
		{4B5934FB-53DD-44AC-98C1-C68BBA091146}.Ad-Hoc|x86.Build.0 = Release|Any CPU
		{4B5934FB-53DD-44AC-98C1-C68BBA091146}.Ad-Hoc|x86.Deploy.0 = Release|Any CPU
		{4B5934FB-53DD-44AC-98C1-C68BBA091146}.AppStore|Any CPU.ActiveCfg = Release|Any CPU
		{4B5934FB-53DD-44AC-98C1-C68BBA091146}.AppStore|Any CPU.Build.0 = Release|Any CPU
		{4B5934FB-53DD-44AC-98C1-C68BBA091146}.AppStore|Any CPU.Deploy.0 = Release|Any CPU
		{4B5934FB-53DD-44AC-98C1-C68BBA091146}.AppStore|ARM.ActiveCfg = Release|Any CPU
		{4B5934FB-53DD-44AC-98C1-C68BBA091146}.AppStore|ARM.Build.0 = Release|Any CPU
		{4B5934FB-53DD-44AC-98C1-C68BBA091146}.AppStore|ARM.Deploy.0 = Release|Any CPU
		{4B5934FB-53DD-44AC-98C1-C68BBA091146}.AppStore|iPhone.ActiveCfg = Release|Any CPU
		{4B5934FB-53DD-44AC-98C1-C68BBA091146}.AppStore|iPhone.Build.0 = Release|Any CPU
		{4B5934FB-53DD-44AC-98C1-C68BBA091146}.AppStore|iPhone.Deploy.0 = Release|Any CPU
		{4B5934FB-53DD-44AC-98C1-C68BBA091146}.AppStore|iPhoneSimulator.ActiveCfg = Release|Any CPU
		{4B5934FB-53DD-44AC-98C1-C68BBA091146}.AppStore|iPhoneSimulator.Build.0 = Release|Any CPU
		{4B5934FB-53DD-44AC-98C1-C68BBA091146}.AppStore|iPhoneSimulator.Deploy.0 = Release|Any CPU
		{4B5934FB-53DD-44AC-98C1-C68BBA091146}.AppStore|x64.ActiveCfg = Release|Any CPU
		{4B5934FB-53DD-44AC-98C1-C68BBA091146}.AppStore|x64.Build.0 = Release|Any CPU
		{4B5934FB-53DD-44AC-98C1-C68BBA091146}.AppStore|x64.Deploy.0 = Release|Any CPU
		{4B5934FB-53DD-44AC-98C1-C68BBA091146}.AppStore|x86.ActiveCfg = Release|Any CPU
		{4B5934FB-53DD-44AC-98C1-C68BBA091146}.AppStore|x86.Build.0 = Release|Any CPU
		{4B5934FB-53DD-44AC-98C1-C68BBA091146}.AppStore|x86.Deploy.0 = Release|Any CPU
		{4B5934FB-53DD-44AC-98C1-C68BBA091146}.Debug|Any CPU.ActiveCfg = Debug|Any CPU
		{4B5934FB-53DD-44AC-98C1-C68BBA091146}.Debug|Any CPU.Build.0 = Debug|Any CPU
		{4B5934FB-53DD-44AC-98C1-C68BBA091146}.Debug|Any CPU.Deploy.0 = Debug|Any CPU
		{4B5934FB-53DD-44AC-98C1-C68BBA091146}.Debug|ARM.ActiveCfg = Debug|Any CPU
		{4B5934FB-53DD-44AC-98C1-C68BBA091146}.Debug|ARM.Build.0 = Debug|Any CPU
		{4B5934FB-53DD-44AC-98C1-C68BBA091146}.Debug|ARM.Deploy.0 = Debug|Any CPU
		{4B5934FB-53DD-44AC-98C1-C68BBA091146}.Debug|iPhone.ActiveCfg = Debug|Any CPU
		{4B5934FB-53DD-44AC-98C1-C68BBA091146}.Debug|iPhone.Build.0 = Debug|Any CPU
		{4B5934FB-53DD-44AC-98C1-C68BBA091146}.Debug|iPhone.Deploy.0 = Debug|Any CPU
		{4B5934FB-53DD-44AC-98C1-C68BBA091146}.Debug|iPhoneSimulator.ActiveCfg = Debug|Any CPU
		{4B5934FB-53DD-44AC-98C1-C68BBA091146}.Debug|iPhoneSimulator.Build.0 = Debug|Any CPU
		{4B5934FB-53DD-44AC-98C1-C68BBA091146}.Debug|iPhoneSimulator.Deploy.0 = Debug|Any CPU
		{4B5934FB-53DD-44AC-98C1-C68BBA091146}.Debug|x64.ActiveCfg = Debug|Any CPU
		{4B5934FB-53DD-44AC-98C1-C68BBA091146}.Debug|x64.Build.0 = Debug|Any CPU
		{4B5934FB-53DD-44AC-98C1-C68BBA091146}.Debug|x64.Deploy.0 = Debug|Any CPU
		{4B5934FB-53DD-44AC-98C1-C68BBA091146}.Debug|x86.ActiveCfg = Debug|Any CPU
		{4B5934FB-53DD-44AC-98C1-C68BBA091146}.Debug|x86.Build.0 = Debug|Any CPU
		{4B5934FB-53DD-44AC-98C1-C68BBA091146}.Debug|x86.Deploy.0 = Debug|Any CPU
		{4B5934FB-53DD-44AC-98C1-C68BBA091146}.Release|Any CPU.ActiveCfg = Release|Any CPU
		{4B5934FB-53DD-44AC-98C1-C68BBA091146}.Release|Any CPU.Build.0 = Release|Any CPU
		{4B5934FB-53DD-44AC-98C1-C68BBA091146}.Release|Any CPU.Deploy.0 = Release|Any CPU
		{4B5934FB-53DD-44AC-98C1-C68BBA091146}.Release|ARM.ActiveCfg = Release|Any CPU
		{4B5934FB-53DD-44AC-98C1-C68BBA091146}.Release|ARM.Build.0 = Release|Any CPU
		{4B5934FB-53DD-44AC-98C1-C68BBA091146}.Release|ARM.Deploy.0 = Release|Any CPU
		{4B5934FB-53DD-44AC-98C1-C68BBA091146}.Release|iPhone.ActiveCfg = Release|Any CPU
		{4B5934FB-53DD-44AC-98C1-C68BBA091146}.Release|iPhone.Build.0 = Release|Any CPU
		{4B5934FB-53DD-44AC-98C1-C68BBA091146}.Release|iPhone.Deploy.0 = Release|Any CPU
		{4B5934FB-53DD-44AC-98C1-C68BBA091146}.Release|iPhoneSimulator.ActiveCfg = Release|Any CPU
		{4B5934FB-53DD-44AC-98C1-C68BBA091146}.Release|iPhoneSimulator.Build.0 = Release|Any CPU
		{4B5934FB-53DD-44AC-98C1-C68BBA091146}.Release|iPhoneSimulator.Deploy.0 = Release|Any CPU
		{4B5934FB-53DD-44AC-98C1-C68BBA091146}.Release|x64.ActiveCfg = Release|Any CPU
		{4B5934FB-53DD-44AC-98C1-C68BBA091146}.Release|x64.Build.0 = Release|Any CPU
		{4B5934FB-53DD-44AC-98C1-C68BBA091146}.Release|x64.Deploy.0 = Release|Any CPU
		{4B5934FB-53DD-44AC-98C1-C68BBA091146}.Release|x86.ActiveCfg = Release|Any CPU
		{4B5934FB-53DD-44AC-98C1-C68BBA091146}.Release|x86.Build.0 = Release|Any CPU
		{4B5934FB-53DD-44AC-98C1-C68BBA091146}.Release|x86.Deploy.0 = Release|Any CPU
		{769CE2B9-1785-47B5-AFAA-0632D00B4054}.Ad-Hoc|Any CPU.ActiveCfg = Ad-Hoc|iPhone
		{769CE2B9-1785-47B5-AFAA-0632D00B4054}.Ad-Hoc|Any CPU.Build.0 = Ad-Hoc|iPhone
		{769CE2B9-1785-47B5-AFAA-0632D00B4054}.Ad-Hoc|Any CPU.Deploy.0 = Ad-Hoc|iPhone
		{769CE2B9-1785-47B5-AFAA-0632D00B4054}.Ad-Hoc|ARM.ActiveCfg = Ad-Hoc|iPhone
		{769CE2B9-1785-47B5-AFAA-0632D00B4054}.Ad-Hoc|ARM.Build.0 = Ad-Hoc|iPhone
		{769CE2B9-1785-47B5-AFAA-0632D00B4054}.Ad-Hoc|ARM.Deploy.0 = Ad-Hoc|iPhone
		{769CE2B9-1785-47B5-AFAA-0632D00B4054}.Ad-Hoc|iPhone.ActiveCfg = Ad-Hoc|iPhone
		{769CE2B9-1785-47B5-AFAA-0632D00B4054}.Ad-Hoc|iPhone.Build.0 = Ad-Hoc|iPhone
		{769CE2B9-1785-47B5-AFAA-0632D00B4054}.Ad-Hoc|iPhone.Deploy.0 = Ad-Hoc|iPhone
		{769CE2B9-1785-47B5-AFAA-0632D00B4054}.Ad-Hoc|iPhoneSimulator.ActiveCfg = Ad-Hoc|iPhoneSimulator
		{769CE2B9-1785-47B5-AFAA-0632D00B4054}.Ad-Hoc|iPhoneSimulator.Build.0 = Ad-Hoc|iPhoneSimulator
		{769CE2B9-1785-47B5-AFAA-0632D00B4054}.Ad-Hoc|iPhoneSimulator.Deploy.0 = Ad-Hoc|iPhoneSimulator
		{769CE2B9-1785-47B5-AFAA-0632D00B4054}.Ad-Hoc|x64.ActiveCfg = Ad-Hoc|iPhone
		{769CE2B9-1785-47B5-AFAA-0632D00B4054}.Ad-Hoc|x64.Build.0 = Ad-Hoc|iPhone
		{769CE2B9-1785-47B5-AFAA-0632D00B4054}.Ad-Hoc|x64.Deploy.0 = Ad-Hoc|iPhone
		{769CE2B9-1785-47B5-AFAA-0632D00B4054}.Ad-Hoc|x86.ActiveCfg = Ad-Hoc|iPhone
		{769CE2B9-1785-47B5-AFAA-0632D00B4054}.Ad-Hoc|x86.Build.0 = Ad-Hoc|iPhone
		{769CE2B9-1785-47B5-AFAA-0632D00B4054}.Ad-Hoc|x86.Deploy.0 = Ad-Hoc|iPhone
		{769CE2B9-1785-47B5-AFAA-0632D00B4054}.AppStore|Any CPU.ActiveCfg = AppStore|iPhone
		{769CE2B9-1785-47B5-AFAA-0632D00B4054}.AppStore|Any CPU.Build.0 = AppStore|iPhone
		{769CE2B9-1785-47B5-AFAA-0632D00B4054}.AppStore|Any CPU.Deploy.0 = AppStore|iPhone
		{769CE2B9-1785-47B5-AFAA-0632D00B4054}.AppStore|ARM.ActiveCfg = AppStore|iPhone
		{769CE2B9-1785-47B5-AFAA-0632D00B4054}.AppStore|ARM.Build.0 = AppStore|iPhone
		{769CE2B9-1785-47B5-AFAA-0632D00B4054}.AppStore|ARM.Deploy.0 = AppStore|iPhone
		{769CE2B9-1785-47B5-AFAA-0632D00B4054}.AppStore|iPhone.ActiveCfg = AppStore|iPhone
		{769CE2B9-1785-47B5-AFAA-0632D00B4054}.AppStore|iPhone.Build.0 = AppStore|iPhone
		{769CE2B9-1785-47B5-AFAA-0632D00B4054}.AppStore|iPhone.Deploy.0 = AppStore|iPhone
		{769CE2B9-1785-47B5-AFAA-0632D00B4054}.AppStore|iPhoneSimulator.ActiveCfg = AppStore|iPhoneSimulator
		{769CE2B9-1785-47B5-AFAA-0632D00B4054}.AppStore|iPhoneSimulator.Build.0 = AppStore|iPhoneSimulator
		{769CE2B9-1785-47B5-AFAA-0632D00B4054}.AppStore|iPhoneSimulator.Deploy.0 = AppStore|iPhoneSimulator
		{769CE2B9-1785-47B5-AFAA-0632D00B4054}.AppStore|x64.ActiveCfg = AppStore|iPhone
		{769CE2B9-1785-47B5-AFAA-0632D00B4054}.AppStore|x64.Build.0 = AppStore|iPhone
		{769CE2B9-1785-47B5-AFAA-0632D00B4054}.AppStore|x64.Deploy.0 = AppStore|iPhone
		{769CE2B9-1785-47B5-AFAA-0632D00B4054}.AppStore|x86.ActiveCfg = AppStore|iPhone
		{769CE2B9-1785-47B5-AFAA-0632D00B4054}.AppStore|x86.Build.0 = AppStore|iPhone
		{769CE2B9-1785-47B5-AFAA-0632D00B4054}.AppStore|x86.Deploy.0 = AppStore|iPhone
		{769CE2B9-1785-47B5-AFAA-0632D00B4054}.Debug|Any CPU.ActiveCfg = Debug|iPhoneSimulator
		{769CE2B9-1785-47B5-AFAA-0632D00B4054}.Debug|Any CPU.Build.0 = Debug|iPhoneSimulator
		{769CE2B9-1785-47B5-AFAA-0632D00B4054}.Debug|Any CPU.Deploy.0 = Debug|iPhoneSimulator
		{769CE2B9-1785-47B5-AFAA-0632D00B4054}.Debug|ARM.ActiveCfg = Debug|iPhone
		{769CE2B9-1785-47B5-AFAA-0632D00B4054}.Debug|ARM.Build.0 = Debug|iPhone
		{769CE2B9-1785-47B5-AFAA-0632D00B4054}.Debug|ARM.Deploy.0 = Debug|iPhone
		{769CE2B9-1785-47B5-AFAA-0632D00B4054}.Debug|iPhone.ActiveCfg = Debug|iPhone
		{769CE2B9-1785-47B5-AFAA-0632D00B4054}.Debug|iPhone.Build.0 = Debug|iPhone
		{769CE2B9-1785-47B5-AFAA-0632D00B4054}.Debug|iPhone.Deploy.0 = Debug|iPhone
		{769CE2B9-1785-47B5-AFAA-0632D00B4054}.Debug|iPhoneSimulator.ActiveCfg = Debug|iPhoneSimulator
		{769CE2B9-1785-47B5-AFAA-0632D00B4054}.Debug|iPhoneSimulator.Build.0 = Debug|iPhoneSimulator
		{769CE2B9-1785-47B5-AFAA-0632D00B4054}.Debug|iPhoneSimulator.Deploy.0 = Debug|iPhoneSimulator
		{769CE2B9-1785-47B5-AFAA-0632D00B4054}.Debug|x64.ActiveCfg = Debug|iPhone
		{769CE2B9-1785-47B5-AFAA-0632D00B4054}.Debug|x64.Build.0 = Debug|iPhone
		{769CE2B9-1785-47B5-AFAA-0632D00B4054}.Debug|x64.Deploy.0 = Debug|iPhone
		{769CE2B9-1785-47B5-AFAA-0632D00B4054}.Debug|x86.ActiveCfg = Debug|iPhone
		{769CE2B9-1785-47B5-AFAA-0632D00B4054}.Debug|x86.Build.0 = Debug|iPhone
		{769CE2B9-1785-47B5-AFAA-0632D00B4054}.Debug|x86.Deploy.0 = Debug|iPhone
		{769CE2B9-1785-47B5-AFAA-0632D00B4054}.Release|Any CPU.ActiveCfg = Release|iPhone
		{769CE2B9-1785-47B5-AFAA-0632D00B4054}.Release|Any CPU.Build.0 = Release|iPhone
		{769CE2B9-1785-47B5-AFAA-0632D00B4054}.Release|Any CPU.Deploy.0 = Release|iPhone
		{769CE2B9-1785-47B5-AFAA-0632D00B4054}.Release|ARM.ActiveCfg = Release|iPhone
		{769CE2B9-1785-47B5-AFAA-0632D00B4054}.Release|ARM.Build.0 = Release|iPhone
		{769CE2B9-1785-47B5-AFAA-0632D00B4054}.Release|ARM.Deploy.0 = Release|iPhone
		{769CE2B9-1785-47B5-AFAA-0632D00B4054}.Release|iPhone.ActiveCfg = Release|iPhone
		{769CE2B9-1785-47B5-AFAA-0632D00B4054}.Release|iPhone.Build.0 = Release|iPhone
		{769CE2B9-1785-47B5-AFAA-0632D00B4054}.Release|iPhone.Deploy.0 = Release|iPhone
		{769CE2B9-1785-47B5-AFAA-0632D00B4054}.Release|iPhoneSimulator.ActiveCfg = Release|iPhoneSimulator
		{769CE2B9-1785-47B5-AFAA-0632D00B4054}.Release|iPhoneSimulator.Build.0 = Release|iPhoneSimulator
		{769CE2B9-1785-47B5-AFAA-0632D00B4054}.Release|iPhoneSimulator.Deploy.0 = Release|iPhoneSimulator
		{769CE2B9-1785-47B5-AFAA-0632D00B4054}.Release|x64.ActiveCfg = Release|iPhone
		{769CE2B9-1785-47B5-AFAA-0632D00B4054}.Release|x64.Build.0 = Release|iPhone
		{769CE2B9-1785-47B5-AFAA-0632D00B4054}.Release|x64.Deploy.0 = Release|iPhone
		{769CE2B9-1785-47B5-AFAA-0632D00B4054}.Release|x86.ActiveCfg = Release|iPhone
		{769CE2B9-1785-47B5-AFAA-0632D00B4054}.Release|x86.Build.0 = Release|iPhone
		{769CE2B9-1785-47B5-AFAA-0632D00B4054}.Release|x86.Deploy.0 = Release|iPhone
		{4334FCFA-F6E5-41E5-A1EC-D0C3AF2BBFAD}.Ad-Hoc|Any CPU.ActiveCfg = Release|x86
		{4334FCFA-F6E5-41E5-A1EC-D0C3AF2BBFAD}.Ad-Hoc|Any CPU.Build.0 = Release|x86
		{4334FCFA-F6E5-41E5-A1EC-D0C3AF2BBFAD}.Ad-Hoc|Any CPU.Deploy.0 = Release|x86
		{4334FCFA-F6E5-41E5-A1EC-D0C3AF2BBFAD}.Ad-Hoc|ARM.ActiveCfg = Release|ARM
		{4334FCFA-F6E5-41E5-A1EC-D0C3AF2BBFAD}.Ad-Hoc|ARM.Build.0 = Release|ARM
		{4334FCFA-F6E5-41E5-A1EC-D0C3AF2BBFAD}.Ad-Hoc|ARM.Deploy.0 = Release|ARM
		{4334FCFA-F6E5-41E5-A1EC-D0C3AF2BBFAD}.Ad-Hoc|iPhone.ActiveCfg = Release|x86
		{4334FCFA-F6E5-41E5-A1EC-D0C3AF2BBFAD}.Ad-Hoc|iPhone.Build.0 = Release|x86
		{4334FCFA-F6E5-41E5-A1EC-D0C3AF2BBFAD}.Ad-Hoc|iPhone.Deploy.0 = Release|x86
		{4334FCFA-F6E5-41E5-A1EC-D0C3AF2BBFAD}.Ad-Hoc|iPhoneSimulator.ActiveCfg = Release|x86
		{4334FCFA-F6E5-41E5-A1EC-D0C3AF2BBFAD}.Ad-Hoc|iPhoneSimulator.Build.0 = Release|x86
		{4334FCFA-F6E5-41E5-A1EC-D0C3AF2BBFAD}.Ad-Hoc|iPhoneSimulator.Deploy.0 = Release|x86
		{4334FCFA-F6E5-41E5-A1EC-D0C3AF2BBFAD}.Ad-Hoc|x64.ActiveCfg = Release|x64
		{4334FCFA-F6E5-41E5-A1EC-D0C3AF2BBFAD}.Ad-Hoc|x64.Build.0 = Release|x64
		{4334FCFA-F6E5-41E5-A1EC-D0C3AF2BBFAD}.Ad-Hoc|x64.Deploy.0 = Release|x64
		{4334FCFA-F6E5-41E5-A1EC-D0C3AF2BBFAD}.Ad-Hoc|x86.ActiveCfg = Release|x86
		{4334FCFA-F6E5-41E5-A1EC-D0C3AF2BBFAD}.Ad-Hoc|x86.Build.0 = Release|x86
		{4334FCFA-F6E5-41E5-A1EC-D0C3AF2BBFAD}.Ad-Hoc|x86.Deploy.0 = Release|x86
		{4334FCFA-F6E5-41E5-A1EC-D0C3AF2BBFAD}.AppStore|Any CPU.ActiveCfg = Release|x86
		{4334FCFA-F6E5-41E5-A1EC-D0C3AF2BBFAD}.AppStore|Any CPU.Build.0 = Release|x86
		{4334FCFA-F6E5-41E5-A1EC-D0C3AF2BBFAD}.AppStore|Any CPU.Deploy.0 = Release|x86
		{4334FCFA-F6E5-41E5-A1EC-D0C3AF2BBFAD}.AppStore|ARM.ActiveCfg = Release|ARM
		{4334FCFA-F6E5-41E5-A1EC-D0C3AF2BBFAD}.AppStore|ARM.Build.0 = Release|ARM
		{4334FCFA-F6E5-41E5-A1EC-D0C3AF2BBFAD}.AppStore|ARM.Deploy.0 = Release|ARM
		{4334FCFA-F6E5-41E5-A1EC-D0C3AF2BBFAD}.AppStore|iPhone.ActiveCfg = Release|x86
		{4334FCFA-F6E5-41E5-A1EC-D0C3AF2BBFAD}.AppStore|iPhone.Build.0 = Release|x86
		{4334FCFA-F6E5-41E5-A1EC-D0C3AF2BBFAD}.AppStore|iPhone.Deploy.0 = Release|x86
		{4334FCFA-F6E5-41E5-A1EC-D0C3AF2BBFAD}.AppStore|iPhoneSimulator.ActiveCfg = Release|x86
		{4334FCFA-F6E5-41E5-A1EC-D0C3AF2BBFAD}.AppStore|iPhoneSimulator.Build.0 = Release|x86
		{4334FCFA-F6E5-41E5-A1EC-D0C3AF2BBFAD}.AppStore|iPhoneSimulator.Deploy.0 = Release|x86
		{4334FCFA-F6E5-41E5-A1EC-D0C3AF2BBFAD}.AppStore|x64.ActiveCfg = Release|x64
		{4334FCFA-F6E5-41E5-A1EC-D0C3AF2BBFAD}.AppStore|x64.Build.0 = Release|x64
		{4334FCFA-F6E5-41E5-A1EC-D0C3AF2BBFAD}.AppStore|x64.Deploy.0 = Release|x64
		{4334FCFA-F6E5-41E5-A1EC-D0C3AF2BBFAD}.AppStore|x86.ActiveCfg = Release|x86
		{4334FCFA-F6E5-41E5-A1EC-D0C3AF2BBFAD}.AppStore|x86.Build.0 = Release|x86
		{4334FCFA-F6E5-41E5-A1EC-D0C3AF2BBFAD}.AppStore|x86.Deploy.0 = Release|x86
		{4334FCFA-F6E5-41E5-A1EC-D0C3AF2BBFAD}.Debug|Any CPU.ActiveCfg = Debug|x86
		{4334FCFA-F6E5-41E5-A1EC-D0C3AF2BBFAD}.Debug|Any CPU.Build.0 = Debug|x86
		{4334FCFA-F6E5-41E5-A1EC-D0C3AF2BBFAD}.Debug|Any CPU.Deploy.0 = Debug|x86
		{4334FCFA-F6E5-41E5-A1EC-D0C3AF2BBFAD}.Debug|ARM.ActiveCfg = Debug|ARM
		{4334FCFA-F6E5-41E5-A1EC-D0C3AF2BBFAD}.Debug|ARM.Build.0 = Debug|ARM
		{4334FCFA-F6E5-41E5-A1EC-D0C3AF2BBFAD}.Debug|ARM.Deploy.0 = Debug|ARM
		{4334FCFA-F6E5-41E5-A1EC-D0C3AF2BBFAD}.Debug|iPhone.ActiveCfg = Debug|x86
		{4334FCFA-F6E5-41E5-A1EC-D0C3AF2BBFAD}.Debug|iPhone.Build.0 = Debug|x86
		{4334FCFA-F6E5-41E5-A1EC-D0C3AF2BBFAD}.Debug|iPhone.Deploy.0 = Debug|x86
		{4334FCFA-F6E5-41E5-A1EC-D0C3AF2BBFAD}.Debug|iPhoneSimulator.ActiveCfg = Debug|x86
		{4334FCFA-F6E5-41E5-A1EC-D0C3AF2BBFAD}.Debug|iPhoneSimulator.Build.0 = Debug|x86
		{4334FCFA-F6E5-41E5-A1EC-D0C3AF2BBFAD}.Debug|iPhoneSimulator.Deploy.0 = Debug|x86
		{4334FCFA-F6E5-41E5-A1EC-D0C3AF2BBFAD}.Debug|x64.ActiveCfg = Debug|x64
		{4334FCFA-F6E5-41E5-A1EC-D0C3AF2BBFAD}.Debug|x64.Build.0 = Debug|x64
		{4334FCFA-F6E5-41E5-A1EC-D0C3AF2BBFAD}.Debug|x64.Deploy.0 = Debug|x64
		{4334FCFA-F6E5-41E5-A1EC-D0C3AF2BBFAD}.Debug|x86.ActiveCfg = Debug|x86
		{4334FCFA-F6E5-41E5-A1EC-D0C3AF2BBFAD}.Debug|x86.Build.0 = Debug|x86
		{4334FCFA-F6E5-41E5-A1EC-D0C3AF2BBFAD}.Debug|x86.Deploy.0 = Debug|x86
		{4334FCFA-F6E5-41E5-A1EC-D0C3AF2BBFAD}.Release|Any CPU.ActiveCfg = Release|x86
		{4334FCFA-F6E5-41E5-A1EC-D0C3AF2BBFAD}.Release|Any CPU.Build.0 = Release|x86
		{4334FCFA-F6E5-41E5-A1EC-D0C3AF2BBFAD}.Release|Any CPU.Deploy.0 = Release|x86
		{4334FCFA-F6E5-41E5-A1EC-D0C3AF2BBFAD}.Release|ARM.ActiveCfg = Release|ARM
		{4334FCFA-F6E5-41E5-A1EC-D0C3AF2BBFAD}.Release|ARM.Build.0 = Release|ARM
		{4334FCFA-F6E5-41E5-A1EC-D0C3AF2BBFAD}.Release|ARM.Deploy.0 = Release|ARM
		{4334FCFA-F6E5-41E5-A1EC-D0C3AF2BBFAD}.Release|iPhone.ActiveCfg = Release|x86
		{4334FCFA-F6E5-41E5-A1EC-D0C3AF2BBFAD}.Release|iPhone.Build.0 = Release|x86
		{4334FCFA-F6E5-41E5-A1EC-D0C3AF2BBFAD}.Release|iPhone.Deploy.0 = Release|x86
		{4334FCFA-F6E5-41E5-A1EC-D0C3AF2BBFAD}.Release|iPhoneSimulator.ActiveCfg = Release|x86
		{4334FCFA-F6E5-41E5-A1EC-D0C3AF2BBFAD}.Release|iPhoneSimulator.Build.0 = Release|x86
		{4334FCFA-F6E5-41E5-A1EC-D0C3AF2BBFAD}.Release|iPhoneSimulator.Deploy.0 = Release|x86
		{4334FCFA-F6E5-41E5-A1EC-D0C3AF2BBFAD}.Release|x64.ActiveCfg = Release|x64
		{4334FCFA-F6E5-41E5-A1EC-D0C3AF2BBFAD}.Release|x64.Build.0 = Release|x64
		{4334FCFA-F6E5-41E5-A1EC-D0C3AF2BBFAD}.Release|x64.Deploy.0 = Release|x64
		{4334FCFA-F6E5-41E5-A1EC-D0C3AF2BBFAD}.Release|x86.ActiveCfg = Release|x86
		{4334FCFA-F6E5-41E5-A1EC-D0C3AF2BBFAD}.Release|x86.Build.0 = Release|x86
		{4334FCFA-F6E5-41E5-A1EC-D0C3AF2BBFAD}.Release|x86.Deploy.0 = Release|x86
		{6E6BD84A-1BEE-4F0E-BC8E-64755E6F9B3B}.Ad-Hoc|Any CPU.ActiveCfg = Debug|Any CPU
		{6E6BD84A-1BEE-4F0E-BC8E-64755E6F9B3B}.Ad-Hoc|Any CPU.Build.0 = Debug|Any CPU
		{6E6BD84A-1BEE-4F0E-BC8E-64755E6F9B3B}.Ad-Hoc|Any CPU.Deploy.0 = Debug|Any CPU
		{6E6BD84A-1BEE-4F0E-BC8E-64755E6F9B3B}.Ad-Hoc|ARM.ActiveCfg = Debug|Any CPU
		{6E6BD84A-1BEE-4F0E-BC8E-64755E6F9B3B}.Ad-Hoc|ARM.Build.0 = Debug|Any CPU
		{6E6BD84A-1BEE-4F0E-BC8E-64755E6F9B3B}.Ad-Hoc|ARM.Deploy.0 = Debug|Any CPU
		{6E6BD84A-1BEE-4F0E-BC8E-64755E6F9B3B}.Ad-Hoc|iPhone.ActiveCfg = Debug|Any CPU
		{6E6BD84A-1BEE-4F0E-BC8E-64755E6F9B3B}.Ad-Hoc|iPhone.Build.0 = Debug|Any CPU
		{6E6BD84A-1BEE-4F0E-BC8E-64755E6F9B3B}.Ad-Hoc|iPhone.Deploy.0 = Debug|Any CPU
		{6E6BD84A-1BEE-4F0E-BC8E-64755E6F9B3B}.Ad-Hoc|iPhoneSimulator.ActiveCfg = Debug|Any CPU
		{6E6BD84A-1BEE-4F0E-BC8E-64755E6F9B3B}.Ad-Hoc|iPhoneSimulator.Build.0 = Debug|Any CPU
		{6E6BD84A-1BEE-4F0E-BC8E-64755E6F9B3B}.Ad-Hoc|iPhoneSimulator.Deploy.0 = Debug|Any CPU
		{6E6BD84A-1BEE-4F0E-BC8E-64755E6F9B3B}.Ad-Hoc|x64.ActiveCfg = Debug|Any CPU
		{6E6BD84A-1BEE-4F0E-BC8E-64755E6F9B3B}.Ad-Hoc|x64.Build.0 = Debug|Any CPU
		{6E6BD84A-1BEE-4F0E-BC8E-64755E6F9B3B}.Ad-Hoc|x64.Deploy.0 = Debug|Any CPU
		{6E6BD84A-1BEE-4F0E-BC8E-64755E6F9B3B}.Ad-Hoc|x86.ActiveCfg = Debug|Any CPU
		{6E6BD84A-1BEE-4F0E-BC8E-64755E6F9B3B}.Ad-Hoc|x86.Build.0 = Debug|Any CPU
		{6E6BD84A-1BEE-4F0E-BC8E-64755E6F9B3B}.Ad-Hoc|x86.Deploy.0 = Debug|Any CPU
		{6E6BD84A-1BEE-4F0E-BC8E-64755E6F9B3B}.AppStore|Any CPU.ActiveCfg = Debug|Any CPU
		{6E6BD84A-1BEE-4F0E-BC8E-64755E6F9B3B}.AppStore|Any CPU.Build.0 = Debug|Any CPU
		{6E6BD84A-1BEE-4F0E-BC8E-64755E6F9B3B}.AppStore|Any CPU.Deploy.0 = Debug|Any CPU
		{6E6BD84A-1BEE-4F0E-BC8E-64755E6F9B3B}.AppStore|ARM.ActiveCfg = Debug|Any CPU
		{6E6BD84A-1BEE-4F0E-BC8E-64755E6F9B3B}.AppStore|ARM.Build.0 = Debug|Any CPU
		{6E6BD84A-1BEE-4F0E-BC8E-64755E6F9B3B}.AppStore|ARM.Deploy.0 = Debug|Any CPU
		{6E6BD84A-1BEE-4F0E-BC8E-64755E6F9B3B}.AppStore|iPhone.ActiveCfg = Debug|Any CPU
		{6E6BD84A-1BEE-4F0E-BC8E-64755E6F9B3B}.AppStore|iPhone.Build.0 = Debug|Any CPU
		{6E6BD84A-1BEE-4F0E-BC8E-64755E6F9B3B}.AppStore|iPhone.Deploy.0 = Debug|Any CPU
		{6E6BD84A-1BEE-4F0E-BC8E-64755E6F9B3B}.AppStore|iPhoneSimulator.ActiveCfg = Debug|Any CPU
		{6E6BD84A-1BEE-4F0E-BC8E-64755E6F9B3B}.AppStore|iPhoneSimulator.Build.0 = Debug|Any CPU
		{6E6BD84A-1BEE-4F0E-BC8E-64755E6F9B3B}.AppStore|iPhoneSimulator.Deploy.0 = Debug|Any CPU
		{6E6BD84A-1BEE-4F0E-BC8E-64755E6F9B3B}.AppStore|x64.ActiveCfg = Debug|Any CPU
		{6E6BD84A-1BEE-4F0E-BC8E-64755E6F9B3B}.AppStore|x64.Build.0 = Debug|Any CPU
		{6E6BD84A-1BEE-4F0E-BC8E-64755E6F9B3B}.AppStore|x64.Deploy.0 = Debug|Any CPU
		{6E6BD84A-1BEE-4F0E-BC8E-64755E6F9B3B}.AppStore|x86.ActiveCfg = Debug|Any CPU
		{6E6BD84A-1BEE-4F0E-BC8E-64755E6F9B3B}.AppStore|x86.Build.0 = Debug|Any CPU
		{6E6BD84A-1BEE-4F0E-BC8E-64755E6F9B3B}.AppStore|x86.Deploy.0 = Debug|Any CPU
		{6E6BD84A-1BEE-4F0E-BC8E-64755E6F9B3B}.Debug|Any CPU.ActiveCfg = Debug|Any CPU
		{6E6BD84A-1BEE-4F0E-BC8E-64755E6F9B3B}.Debug|Any CPU.Build.0 = Debug|Any CPU
		{6E6BD84A-1BEE-4F0E-BC8E-64755E6F9B3B}.Debug|Any CPU.Deploy.0 = Debug|Any CPU
		{6E6BD84A-1BEE-4F0E-BC8E-64755E6F9B3B}.Debug|ARM.ActiveCfg = Debug|Any CPU
		{6E6BD84A-1BEE-4F0E-BC8E-64755E6F9B3B}.Debug|ARM.Build.0 = Debug|Any CPU
		{6E6BD84A-1BEE-4F0E-BC8E-64755E6F9B3B}.Debug|ARM.Deploy.0 = Debug|Any CPU
		{6E6BD84A-1BEE-4F0E-BC8E-64755E6F9B3B}.Debug|iPhone.ActiveCfg = Debug|Any CPU
		{6E6BD84A-1BEE-4F0E-BC8E-64755E6F9B3B}.Debug|iPhone.Build.0 = Debug|Any CPU
		{6E6BD84A-1BEE-4F0E-BC8E-64755E6F9B3B}.Debug|iPhone.Deploy.0 = Debug|Any CPU
		{6E6BD84A-1BEE-4F0E-BC8E-64755E6F9B3B}.Debug|iPhoneSimulator.ActiveCfg = Debug|Any CPU
		{6E6BD84A-1BEE-4F0E-BC8E-64755E6F9B3B}.Debug|iPhoneSimulator.Build.0 = Debug|Any CPU
		{6E6BD84A-1BEE-4F0E-BC8E-64755E6F9B3B}.Debug|iPhoneSimulator.Deploy.0 = Debug|Any CPU
		{6E6BD84A-1BEE-4F0E-BC8E-64755E6F9B3B}.Debug|x64.ActiveCfg = Debug|Any CPU
		{6E6BD84A-1BEE-4F0E-BC8E-64755E6F9B3B}.Debug|x64.Build.0 = Debug|Any CPU
		{6E6BD84A-1BEE-4F0E-BC8E-64755E6F9B3B}.Debug|x64.Deploy.0 = Debug|Any CPU
		{6E6BD84A-1BEE-4F0E-BC8E-64755E6F9B3B}.Debug|x86.ActiveCfg = Debug|Any CPU
		{6E6BD84A-1BEE-4F0E-BC8E-64755E6F9B3B}.Debug|x86.Build.0 = Debug|Any CPU
		{6E6BD84A-1BEE-4F0E-BC8E-64755E6F9B3B}.Debug|x86.Deploy.0 = Debug|Any CPU
		{6E6BD84A-1BEE-4F0E-BC8E-64755E6F9B3B}.Release|Any CPU.ActiveCfg = Release|Any CPU
		{6E6BD84A-1BEE-4F0E-BC8E-64755E6F9B3B}.Release|Any CPU.Build.0 = Release|Any CPU
		{6E6BD84A-1BEE-4F0E-BC8E-64755E6F9B3B}.Release|Any CPU.Deploy.0 = Release|Any CPU
		{6E6BD84A-1BEE-4F0E-BC8E-64755E6F9B3B}.Release|ARM.ActiveCfg = Release|Any CPU
		{6E6BD84A-1BEE-4F0E-BC8E-64755E6F9B3B}.Release|ARM.Build.0 = Release|Any CPU
		{6E6BD84A-1BEE-4F0E-BC8E-64755E6F9B3B}.Release|ARM.Deploy.0 = Release|Any CPU
		{6E6BD84A-1BEE-4F0E-BC8E-64755E6F9B3B}.Release|iPhone.ActiveCfg = Release|Any CPU
		{6E6BD84A-1BEE-4F0E-BC8E-64755E6F9B3B}.Release|iPhone.Build.0 = Release|Any CPU
		{6E6BD84A-1BEE-4F0E-BC8E-64755E6F9B3B}.Release|iPhone.Deploy.0 = Release|Any CPU
		{6E6BD84A-1BEE-4F0E-BC8E-64755E6F9B3B}.Release|iPhoneSimulator.ActiveCfg = Release|Any CPU
		{6E6BD84A-1BEE-4F0E-BC8E-64755E6F9B3B}.Release|iPhoneSimulator.Build.0 = Release|Any CPU
		{6E6BD84A-1BEE-4F0E-BC8E-64755E6F9B3B}.Release|iPhoneSimulator.Deploy.0 = Release|Any CPU
		{6E6BD84A-1BEE-4F0E-BC8E-64755E6F9B3B}.Release|x64.ActiveCfg = Release|Any CPU
		{6E6BD84A-1BEE-4F0E-BC8E-64755E6F9B3B}.Release|x64.Build.0 = Release|Any CPU
		{6E6BD84A-1BEE-4F0E-BC8E-64755E6F9B3B}.Release|x64.Deploy.0 = Release|Any CPU
		{6E6BD84A-1BEE-4F0E-BC8E-64755E6F9B3B}.Release|x86.ActiveCfg = Release|Any CPU
		{6E6BD84A-1BEE-4F0E-BC8E-64755E6F9B3B}.Release|x86.Build.0 = Release|Any CPU
		{6E6BD84A-1BEE-4F0E-BC8E-64755E6F9B3B}.Release|x86.Deploy.0 = Release|Any CPU
	EndGlobalSection
	GlobalSection(SolutionProperties) = preSolution
		HideSolutionNode = FALSE
	EndGlobalSection
	GlobalSection(ExtensibilityGlobals) = postSolution
		SolutionGuid = {71B92658-38F1-47B4-90C7-D9BA8D70A921}
	EndGlobalSection
EndGlobal
